
Microsoft Visual Studio Solution File, Format Version 12.00
# Visual Studio Version 17
VisualStudioVersion = 17.13.35818.85 d17.13
MinimumVisualStudioVersion = 10.0.40219.1
Project("{FAE04EC0-301F-11D3-BF4B-00C04F79EFBC}") = "ProjetoBase", "ProjetoBase.csproj", "{18C57390-CC3C-4795-B218-519212BA0E75}"
EndProject
Global
	GlobalSection(SolutionConfigurationPlatforms) = preSolution
		Debug|Any CPU = Debug|Any CPU
		Release|Any CPU = Release|Any CPU
	EndGlobalSection
	GlobalSection(ProjectConfigurationPlatforms) = postSolution
		{18C57390-CC3C-4795-B218-519212BA0E75}.Debug|Any CPU.ActiveCfg = Debug|Any CPU
		{18C57390-CC3C-4795-B218-519212BA0E75}.Debug|Any CPU.Build.0 = Debug|Any CPU
		{18C57390-CC3C-4795-B218-519212BA0E75}.Release|Any CPU.ActiveCfg = Release|Any CPU
		{18C57390-CC3C-4795-B218-519212BA0E75}.Release|Any CPU.Build.0 = Release|Any CPU
	EndGlobalSection
	GlobalSection(SolutionProperties) = preSolution
		HideSolutionNode = FALSE
	EndGlobalSection
	GlobalSection(ExtensibilityGlobals) = postSolution
		SolutionGuid = {06445B7D-14BC-4547-88AA-85F60C04B375}
	EndGlobalSection
EndGlobal
